
Microsoft Visual Studio Solution File, Format Version 12.00
# Visual Studio Version 17
VisualStudioVersion = 17.11.35303.130
MinimumVisualStudioVersion = 10.0.40219.1
Project("{FAE04EC0-301F-11D3-BF4B-00C04F79EFBC}") = "PraticaVetor", "PraticaVetor.csproj", "{0861B6EE-D131-41BA-A8EE-301C488ADE12}"
EndProject
Global
	GlobalSection(SolutionConfigurationPlatforms) = preSolution
		Debug|Any CPU = Debug|Any CPU
		Release|Any CPU = Release|Any CPU
	EndGlobalSection
	GlobalSection(ProjectConfigurationPlatforms) = postSolution
		{0861B6EE-D131-41BA-A8EE-301C488ADE12}.Debug|Any CPU.ActiveCfg = Debug|Any CPU
		{0861B6EE-D131-41BA-A8EE-301C488ADE12}.Debug|Any CPU.Build.0 = Debug|Any CPU
		{0861B6EE-D131-41BA-A8EE-301C488ADE12}.Release|Any CPU.ActiveCfg = Release|Any CPU
		{0861B6EE-D131-41BA-A8EE-301C488ADE12}.Release|Any CPU.Build.0 = Release|Any CPU
	EndGlobalSection
	GlobalSection(SolutionProperties) = preSolution
		HideSolutionNode = FALSE
	EndGlobalSection
	GlobalSection(ExtensibilityGlobals) = postSolution
		SolutionGuid = {0A9520C7-DE34-4BE9-9429-730305346542}
	EndGlobalSection
EndGlobal
